// !$*UTF8*$!
{
	archiveVersion = 1;
	classes = {
	};
	objectVersion = 50;
	objects = {

/* Begin PBXBuildFile section */
		86C8C62322C2EB5500FCF68D /* AppDelegate.swift in Sources */ = {isa = PBXBuildFile; fileRef = 86C8C62222C2EB5500FCF68D /* AppDelegate.swift */; };
		86C8C62522C2EB5500FCF68D /* ViewController.swift in Sources */ = {isa = PBXBuildFile; fileRef = 86C8C62422C2EB5500FCF68D /* ViewController.swift */; };
		86C8C62822C2EB5500FCF68D /* Main.storyboard in Resources */ = {isa = PBXBuildFile; fileRef = 86C8C62622C2EB5500FCF68D /* Main.storyboard */; };
		86C8C62A22C2EB5800FCF68D /* Assets.xcassets in Resources */ = {isa = PBXBuildFile; fileRef = 86C8C62922C2EB5800FCF68D /* Assets.xcassets */; };
		86C8C62D22C2EB5800FCF68D /* LaunchScreen.storyboard in Resources */ = {isa = PBXBuildFile; fileRef = 86C8C62B22C2EB5800FCF68D /* LaunchScreen.storyboard */; };
		86C8C63622C2F25400FCF68D /* logo.jpeg in Resources */ = {isa = PBXBuildFile; fileRef = 86C8C63522C2F25400FCF68D /* logo.jpeg */; };
/* End PBXBuildFile section */

/* Begin PBXFileReference section */
		86C8C61F22C2EB5500FCF68D /* NoticacaoLocal.app */ = {isa = PBXFileReference; explicitFileType = wrapper.application; includeInIndex = 0; path = NoticacaoLocal.app; sourceTree = BUILT_PRODUCTS_DIR; };
		86C8C62222C2EB5500FCF68D /* AppDelegate.swift */ = {isa = PBXFileReference; lastKnownFileType = sourcecode.swift; path = AppDelegate.swift; sourceTree = "<group>"; };
		86C8C62422C2EB5500FCF68D /* ViewController.swift */ = {isa = PBXFileReference; lastKnownFileType = sourcecode.swift; path = ViewController.swift; sourceTree = "<group>"; };
		86C8C62722C2EB5500FCF68D /* Base */ = {isa = PBXFileReference; lastKnownFileType = file.storyboard; name = Base; path = Base.lproj/Main.storyboard; sourceTree = "<group>"; };
		86C8C62922C2EB5800FCF68D /* Assets.xcassets */ = {isa = PBXFileReference; lastKnownFileType = folder.assetcatalog; path = Assets.xcassets; sourceTree = "<group>"; };
		86C8C62C22C2EB5800FCF68D /* Base */ = {isa = PBXFileReference; lastKnownFileType = file.storyboard; name = Base; path = Base.lproj/LaunchScreen.storyboard; sourceTree = "<group>"; };
		86C8C62E22C2EB5800FCF68D /* Info.plist */ = {isa = PBXFileReference; lastKnownFileType = text.plist.xml; path = Info.plist; sourceTree = "<group>"; };
		86C8C63422C2F01B00FCF68D /* NoticacaoLocal.entitlements */ = {isa = PBXFileReference; lastKnownFileType = text.plist.entitlements; path = NoticacaoLocal.entitlements; sourceTree = "<group>"; };
		86C8C63522C2F25400FCF68D /* logo.jpeg */ = {isa = PBXFileReference; lastKnownFileType = image.jpeg; path = logo.jpeg; sourceTree = "<group>"; };
/* End PBXFileReference section */

/* Begin PBXFrameworksBuildPhase section */
		86C8C61C22C2EB5500FCF68D /* Frameworks */ = {
			isa = PBXFrameworksBuildPhase;
			buildActionMask = 2147483647;
			files = (
			);
			runOnlyForDeploymentPostprocessing = 0;
		};
/* End PBXFrameworksBuildPhase section */

/* Begin PBXGroup section */
		86C8C61622C2EB5500FCF68D = {
			isa = PBXGroup;
			children = (
				86C8C62122C2EB5500FCF68D /* NoticacaoLocal */,
				86C8C62022C2EB5500FCF68D /* Products */,
			);
			sourceTree = "<group>";
		};
		86C8C62022C2EB5500FCF68D /* Products */ = {
			isa = PBXGroup;
			children = (
				86C8C61F22C2EB5500FCF68D /* NoticacaoLocal.app */,
			);
			name = Products;
			sourceTree = "<group>";
		};
		86C8C62122C2EB5500FCF68D /* NoticacaoLocal */ = {
			isa = PBXGroup;
			children = (
				86C8C63422C2F01B00FCF68D /* NoticacaoLocal.entitlements */,
				86C8C62222C2EB5500FCF68D /* AppDelegate.swift */,
				86C8C62422C2EB5500FCF68D /* ViewController.swift */,
				86C8C62622C2EB5500FCF68D /* Main.storyboard */,
				86C8C62922C2EB5800FCF68D /* Assets.xcassets */,
				86C8C62B22C2EB5800FCF68D /* LaunchScreen.storyboard */,
				86C8C63522C2F25400FCF68D /* logo.jpeg */,
				86C8C62E22C2EB5800FCF68D /* Info.plist */,
			);
			path = NoticacaoLocal;
			sourceTree = "<group>";
		};
/* End PBXGroup section */

/* Begin PBXNativeTarget section */
		86C8C61E22C2EB5500FCF68D /* NoticacaoLocal */ = {
			isa = PBXNativeTarget;
			buildConfigurationList = 86C8C63122C2EB5800FCF68D /* Build configuration list for PBXNativeTarget "NoticacaoLocal" */;
			buildPhases = (
				86C8C61B22C2EB5500FCF68D /* Sources */,
				86C8C61C22C2EB5500FCF68D /* Frameworks */,
				86C8C61D22C2EB5500FCF68D /* Resources */,
			);
			buildRules = (
			);
			dependencies = (
			);
			name = NoticacaoLocal;
			productName = NoticacaoLocal;
			productReference = 86C8C61F22C2EB5500FCF68D /* NoticacaoLocal.app */;
			productType = "com.apple.product-type.application";
		};
/* End PBXNativeTarget section */

/* Begin PBXProject section */
		86C8C61722C2EB5500FCF68D /* Project object */ = {
			isa = PBXProject;
			attributes = {
				LastSwiftUpdateCheck = 1020;
				LastUpgradeCheck = 1020;
				ORGANIZATIONNAME = "Matheus Gois";
				TargetAttributes = {
					86C8C61E22C2EB5500FCF68D = {
						CreatedOnToolsVersion = 10.2.1;
						SystemCapabilities = {
							com.apple.BackgroundModes = {
								enabled = 1;
							};
							com.apple.Push = {
								enabled = 1;
							};
						};
					};
				};
			};
			buildConfigurationList = 86C8C61A22C2EB5500FCF68D /* Build configuration list for PBXProject "NoticacaoLocal" */;
			compatibilityVersion = "Xcode 9.3";
			developmentRegion = en;
			hasScannedForEncodings = 0;
			knownRegions = (
				en,
				Base,
			);
			mainGroup = 86C8C61622C2EB5500FCF68D;
			productRefGroup = 86C8C62022C2EB5500FCF68D /* Products */;
			projectDirPath = "";
			projectRoot = "";
			targets = (
				86C8C61E22C2EB5500FCF68D /* NoticacaoLocal */,
			);
		};
/* End PBXProject section */

/* Begin PBXResourcesBuildPhase section */
		86C8C61D22C2EB5500FCF68D /* Resources */ = {
			isa = PBXResourcesBuildPhase;
			buildActionMask = 2147483647;
			files = (
				86C8C63622C2F25400FCF68D /* logo.jpeg in Resources */,
				86C8C62D22C2EB5800FCF68D /* LaunchScreen.storyboard in Resources */,
				86C8C62A22C2EB5800FCF68D /* Assets.xcassets in Resources */,
				86C8C62822C2EB5500FCF68D /* Main.storyboard in Resources */,
			);
			runOnlyForDeploymentPostprocessing = 0;
		};
/* End PBXResourcesBuildPhase section */

/* Begin PBXSourcesBuildPhase section */
		86C8C61B22C2EB5500FCF68D /* Sources */ = {
			isa = PBXSourcesBuildPhase;
			buildActionMask = 2147483647;
			files = (
				86C8C62522C2EB5500FCF68D /* ViewController.swift in Sources */,
				86C8C62322C2EB5500FCF68D /* AppDelegate.swift in Sources */,
			);
			runOnlyForDeploymentPostprocessing = 0;
		};
/* End PBXSourcesBuildPhase section */

/* Begin PBXVariantGroup section */
		86C8C62622C2EB5500FCF68D /* Main.storyboard */ = {
			isa = PBXVariantGroup;
			children = (
				86C8C62722C2EB5500FCF68D /* Base */,
			);
			name = Main.storyboard;
			sourceTree = "<group>";
		};
		86C8C62B22C2EB5800FCF68D /* LaunchScreen.storyboard */ = {
			isa = PBXVariantGroup;
			children = (
				86C8C62C22C2EB5800FCF68D /* Base */,
			);
			name = LaunchScreen.storyboard;
			sourceTree = "<group>";
		};
/* End PBXVariantGroup section */

/* Begin XCBuildConfiguration section */
		86C8C62F22C2EB5800FCF68D /* Debug */ = {
			isa = XCBuildConfiguration;
			buildSettings = {
				ALWAYS_SEARCH_USER_PATHS = NO;
				CLANG_ANALYZER_NONNULL = YES;
				CLANG_ANALYZER_NUMBER_OBJECT_CONVERSION = YES_AGGRESSIVE;
				CLANG_CXX_LANGUAGE_STANDARD = "gnu++14";
				CLANG_CXX_LIBRARY = "libc++";
				CLANG_ENABLE_MODULES = YES;
				CLANG_ENABLE_OBJC_ARC = YES;
				CLANG_ENABLE_OBJC_WEAK = YES;
				CLANG_WARN_BLOCK_CAPTURE_AUTORELEASING = YES;
				CLANG_WARN_BOOL_CONVERSION = YES;
				CLANG_WARN_COMMA = YES;
				CLANG_WARN_CONSTANT_CONVERSION = YES;
				CLANG_WARN_DEPRECATED_OBJC_IMPLEMENTATIONS = YES;
				CLANG_WARN_DIRECT_OBJC_ISA_USAGE = YES_ERROR;
				CLANG_WARN_DOCUMENTATION_COMMENTS = YES;
				CLANG_WARN_EMPTY_BODY = YES;
				CLANG_WARN_ENUM_CONVERSION = YES;
				CLANG_WARN_INFINITE_RECURSION = YES;
				CLANG_WARN_INT_CONVERSION = YES;
				CLANG_WARN_NON_LITERAL_NULL_CONVERSION = YES;
				CLANG_WARN_OBJC_IMPLICIT_RETAIN_SELF = YES;
				CLANG_WARN_OBJC_LITERAL_CONVERSION = YES;
				CLANG_WARN_OBJC_ROOT_CLASS = YES_ERROR;
				CLANG_WARN_RANGE_LOOP_ANALYSIS = YES;
				CLANG_WARN_STRICT_PROTOTYPES = YES;
				CLANG_WARN_SUSPICIOUS_MOVE = YES;
				CLANG_WARN_UNGUARDED_AVAILABILITY = YES_AGGRESSIVE;
				CLANG_WARN_UNREACHABLE_CODE = YES;
				CLANG_WARN__DUPLICATE_METHOD_MATCH = YES;
				CODE_SIGN_IDENTITY = "iPhone Developer";
				COPY_PHASE_STRIP = NO;
				DEBUG_INFORMATION_FORMAT = dwarf;
				ENABLE_STRICT_OBJC_MSGSEND = YES;
				ENABLE_TESTABILITY = YES;
				GCC_C_LANGUAGE_STANDARD = gnu11;
				GCC_DYNAMIC_NO_PIC = NO;
				GCC_NO_COMMON_BLOCKS = YES;
				GCC_OPTIMIZATION_LEVEL = 0;
				GCC_PREPROCESSOR_DEFINITIONS = (
					"DEBUG=1",
					"$(inherited)",
				);
				GCC_WARN_64_TO_32_BIT_CONVERSION = YES;
				GCC_WARN_ABOUT_RETURN_TYPE = YES_ERROR;
				GCC_WARN_UNDECLARED_SELECTOR = YES;
				GCC_WARN_UNINITIALIZED_AUTOS = YES_AGGRESSIVE;
				GCC_WARN_UNUSED_FUNCTION = YES;
				GCC_WARN_UNUSED_VARIABLE = YES;
				IPHONEOS_DEPLOYMENT_TARGET = 12.2;
				MTL_ENABLE_DEBUG_INFO = INCLUDE_SOURCE;
				MTL_FAST_MATH = YES;
				ONLY_ACTIVE_ARCH = YES;
				SDKROOT = iphoneos;
				SWIFT_ACTIVE_COMPILATION_CONDITIONS = DEBUG;
				SWIFT_OPTIMIZATION_LEVEL = "-Onone";
			};
			name = Debug;
		};
		86C8C63022C2EB5800FCF68D /* Release */ = {
			isa = XCBuildConfiguration;
			buildSettings = {
				ALWAYS_SEARCH_USER_PATHS = NO;
				CLANG_ANALYZER_NONNULL = YES;
				CLANG_ANALYZER_NUMBER_OBJECT_CONVERSION = YES_AGGRESSIVE;
				CLANG_CXX_LANGUAGE_STANDARD = "gnu++14";
				CLANG_CXX_LIBRARY = "libc++";
				CLANG_ENABLE_MODULES = YES;
				CLANG_ENABLE_OBJC_ARC = YES;
				CLANG_ENABLE_OBJC_WEAK = YES;
				CLANG_WARN_BLOCK_CAPTURE_AUTORELEASING = YES;
				CLANG_WARN_BOOL_CONVERSION = YES;
				CLANG_WARN_COMMA = YES;
				CLANG_WARN_CONSTANT_CONVERSION = YES;
				CLANG_WARN_DEPRECATED_OBJC_IMPLEMENTATIONS = YES;
				CLANG_WARN_DIRECT_OBJC_ISA_USAGE = YES_ERROR;
				CLANG_WARN_DOCUMENTATION_COMMENTS = YES;
				CLANG_WARN_EMPTY_BODY = YES;
				CLANG_WARN_ENUM_CONVERSION = YES;
				CLANG_WARN_INFINITE_RECURSION = YES;
				CLANG_WARN_INT_CONVERSION = YES;
				CLANG_WARN_NON_LITERAL_NULL_CONVERSION = YES;
				CLANG_WARN_OBJC_IMPLICIT_RETAIN_SELF = YES;
				CLANG_WARN_OBJC_LITERAL_CONVERSION = YES;
				CLANG_WARN_OBJC_ROOT_CLASS = YES_ERROR;
				CLANG_WARN_RANGE_LOOP_ANALYSIS = YES;
				CLANG_WARN_STRICT_PROTOTYPES = YES;
				CLANG_WARN_SUSPICIOUS_MOVE = YES;
				CLANG_WARN_UNGUARDED_AVAILABILITY = YES_AGGRESSIVE;
				CLANG_WARN_UNREACHABLE_CODE = YES;
				CLANG_WARN__DUPLICATE_METHOD_MATCH = YES;
				CODE_SIGN_IDENTITY = "iPhone Developer";
				COPY_PHASE_STRIP = NO;
				DEBUG_INFORMATION_FORMAT = "dwarf-with-dsym";
				ENABLE_NS_ASSERTIONS = NO;
				ENABLE_STRICT_OBJC_MSGSEND = YES;
				GCC_C_LANGUAGE_STANDARD = gnu11;
				GCC_NO_COMMON_BLOCKS = YES;
				GCC_WARN_64_TO_32_BIT_CONVERSION = YES;
				GCC_WARN_ABOUT_RETURN_TYPE = YES_ERROR;
				GCC_WARN_UNDECLARED_SELECTOR = YES;
				GCC_WARN_UNINITIALIZED_AUTOS = YES_AGGRESSIVE;
				GCC_WARN_UNUSED_FUNCTION = YES;
				GCC_WARN_UNUSED_VARIABLE = YES;
				IPHONEOS_DEPLOYMENT_TARGET = 12.2;
				MTL_ENABLE_DEBUG_INFO = NO;
				MTL_FAST_MATH = YES;
				SDKROOT = iphoneos;
				SWIFT_COMPILATION_MODE = wholemodule;
				SWIFT_OPTIMIZATION_LEVEL = "-O";
				VALIDATE_PRODUCT = YES;
			};
			name = Release;
		};
		86C8C63222C2EB5800FCF68D /* Debug */ = {
			isa = XCBuildConfiguration;
			buildSettings = {
				ASSETCATALOG_COMPILER_APPICON_NAME = AppIcon;
				CODE_SIGN_ENTITLEMENTS = NoticacaoLocal/NoticacaoLocal.entitlements;
				CODE_SIGN_STYLE = Automatic;
				DEVELOPMENT_TEAM = CTAFH43K36;
				INFOPLIST_FILE = NoticacaoLocal/Info.plist;
				LD_RUNPATH_SEARCH_PATHS = (
					"$(inherited)",
					"@executable_path/Frameworks",
				);
				PRODUCT_BUNDLE_IDENTIFIER = maatheusgois.NoticacaoLocal;
				PRODUCT_NAME = "$(TARGET_NAME)";
				SWIFT_VERSION = 5.0;
				TARGETED_DEVICE_FAMILY = "1,2";
			};
			name = Debug;
		};
		86C8C63322C2EB5800FCF68D /* Release */ = {
			isa = XCBuildConfiguration;
			buildSettings = {
				ASSETCATALOG_COMPILER_APPICON_NAME = AppIcon;
				CODE_SIGN_ENTITLEMENTS = NoticacaoLocal/NoticacaoLocal.entitlements;
				CODE_SIGN_STYLE = Automatic;
				DEVELOPMENT_TEAM = CTAFH43K36;
				INFOPLIST_FILE = NoticacaoLocal/Info.plist;
				LD_RUNPATH_SEARCH_PATHS = (
					"$(inherited)",
					"@executable_path/Frameworks",
				);
				PRODUCT_BUNDLE_IDENTIFIER = maatheusgois.NoticacaoLocal;
				PRODUCT_NAME = "$(TARGET_NAME)";
				SWIFT_VERSION = 5.0;
				TARGETED_DEVICE_FAMILY = "1,2";
			};
			name = Release;
		};
/* End XCBuildConfiguration section */

/* Begin XCConfigurationList section */
		86C8C61A22C2EB5500FCF68D /* Build configuration list for PBXProject "NoticacaoLocal" */ = {
			isa = XCConfigurationList;
			buildConfigurations = (
				86C8C62F22C2EB5800FCF68D /* Debug */,
				86C8C63022C2EB5800FCF68D /* Release */,
			);
			defaultConfigurationIsVisible = 0;
			defaultConfigurationName = Release;
		};
		86C8C63122C2EB5800FCF68D /* Build configuration list for PBXNativeTarget "NoticacaoLocal" */ = {
			isa = XCConfigurationList;
			buildConfigurations = (
				86C8C63222C2EB5800FCF68D /* Debug */,
				86C8C63322C2EB5800FCF68D /* Release */,
			);
			defaultConfigurationIsVisible = 0;
			defaultConfigurationName = Release;
		};
/* End XCConfigurationList section */
	};
	rootObject = 86C8C61722C2EB5500FCF68D /* Project object */;
}
